
Microsoft Visual Studio Solution File, Format Version 12.00
# Visual Studio Version 17
VisualStudioVersion = 17.12.35506.116 d17.12
MinimumVisualStudioVersion = 10.0.40219.1
Project("{FAE04EC0-301F-11D3-BF4B-00C04F79EFBC}") = "C#Uppgift6", "C#Uppgift6.csproj", "{A3A55696-92F1-4D60-8678-16DDA364A061}"
EndProject
Global
	GlobalSection(SolutionConfigurationPlatforms) = preSolution
		Debug|Any CPU = Debug|Any CPU
		Release|Any CPU = Release|Any CPU
	EndGlobalSection
	GlobalSection(ProjectConfigurationPlatforms) = postSolution
		{A3A55696-92F1-4D60-8678-16DDA364A061}.Debug|Any CPU.ActiveCfg = Debug|Any CPU
		{A3A55696-92F1-4D60-8678-16DDA364A061}.Debug|Any CPU.Build.0 = Debug|Any CPU
		{A3A55696-92F1-4D60-8678-16DDA364A061}.Release|Any CPU.ActiveCfg = Release|Any CPU
		{A3A55696-92F1-4D60-8678-16DDA364A061}.Release|Any CPU.Build.0 = Release|Any CPU
	EndGlobalSection
	GlobalSection(SolutionProperties) = preSolution
		HideSolutionNode = FALSE
	EndGlobalSection
EndGlobal
